
Microsoft Visual Studio Solution File, Format Version 12.00
# Visual Studio Version 17
VisualStudioVersion = 17.8.34309.116
MinimumVisualStudioVersion = 10.0.40219.1
Project("{9A19103F-16F7-4668-BE54-9A1E7A4F7556}") = "Compras.Api", "Compras.Api\Compras.Api.csproj", "{F664D55D-3FF1-4282-B402-EE3C0BE24769}"
	ProjectSection(ProjectDependencies) = postProject
		{94E276ED-88A0-4CC5-8B7F-DDADE8CA342E} = {94E276ED-88A0-4CC5-8B7F-DDADE8CA342E}
	EndProjectSection
EndProject
Project("{9A19103F-16F7-4668-BE54-9A1E7A4F7556}") = "Compras.Domain", "Compras.Domain\Compras.Domain.csproj", "{19945338-A66C-4D48-9BEF-681CA11AB3A6}"
EndProject
Project("{9A19103F-16F7-4668-BE54-9A1E7A4F7556}") = "Compras.Infraestructure", "Compras.Infraestructure\Compras.Infraestructure.csproj", "{94E276ED-88A0-4CC5-8B7F-DDADE8CA342E}"
EndProject
Project("{9A19103F-16F7-4668-BE54-9A1E7A4F7556}") = "Compras.Aplication", "Compras.Aplication\Compras.Aplication.csproj", "{3F41D776-7FD7-4DF3-A16B-297613B5C55F}"
EndProject
Global
	GlobalSection(SolutionConfigurationPlatforms) = preSolution
		Debug|Any CPU = Debug|Any CPU
		Release|Any CPU = Release|Any CPU
	EndGlobalSection
	GlobalSection(ProjectConfigurationPlatforms) = postSolution
		{F664D55D-3FF1-4282-B402-EE3C0BE24769}.Debug|Any CPU.ActiveCfg = Debug|Any CPU
		{F664D55D-3FF1-4282-B402-EE3C0BE24769}.Debug|Any CPU.Build.0 = Debug|Any CPU
		{F664D55D-3FF1-4282-B402-EE3C0BE24769}.Release|Any CPU.ActiveCfg = Release|Any CPU
		{F664D55D-3FF1-4282-B402-EE3C0BE24769}.Release|Any CPU.Build.0 = Release|Any CPU
		{19945338-A66C-4D48-9BEF-681CA11AB3A6}.Debug|Any CPU.ActiveCfg = Debug|Any CPU
		{19945338-A66C-4D48-9BEF-681CA11AB3A6}.Debug|Any CPU.Build.0 = Debug|Any CPU
		{19945338-A66C-4D48-9BEF-681CA11AB3A6}.Release|Any CPU.ActiveCfg = Release|Any CPU
		{19945338-A66C-4D48-9BEF-681CA11AB3A6}.Release|Any CPU.Build.0 = Release|Any CPU
		{94E276ED-88A0-4CC5-8B7F-DDADE8CA342E}.Debug|Any CPU.ActiveCfg = Debug|Any CPU
		{94E276ED-88A0-4CC5-8B7F-DDADE8CA342E}.Debug|Any CPU.Build.0 = Debug|Any CPU
		{94E276ED-88A0-4CC5-8B7F-DDADE8CA342E}.Release|Any CPU.ActiveCfg = Release|Any CPU
		{94E276ED-88A0-4CC5-8B7F-DDADE8CA342E}.Release|Any CPU.Build.0 = Release|Any CPU
		{3F41D776-7FD7-4DF3-A16B-297613B5C55F}.Debug|Any CPU.ActiveCfg = Debug|Any CPU
		{3F41D776-7FD7-4DF3-A16B-297613B5C55F}.Debug|Any CPU.Build.0 = Debug|Any CPU
		{3F41D776-7FD7-4DF3-A16B-297613B5C55F}.Release|Any CPU.ActiveCfg = Release|Any CPU
		{3F41D776-7FD7-4DF3-A16B-297613B5C55F}.Release|Any CPU.Build.0 = Release|Any CPU
	EndGlobalSection
	GlobalSection(SolutionProperties) = preSolution
		HideSolutionNode = FALSE
	EndGlobalSection
	GlobalSection(ExtensibilityGlobals) = postSolution
		SolutionGuid = {718E1810-9B0D-45B9-ACBD-42D2508F4DB2}
	EndGlobalSection
EndGlobal
